// !$*UTF8*$!
{
	archiveVersion = 1;
	classes = {
	};
	objectVersion = 77;
	objects = {

/* Begin PBXBuildFile section */
		DB0D5E4E2F4B897400C518C7 /* LoginView.swift in Sources */ = {isa = PBXBuildFile; fileRef = DB0D5E4D2F4B897200C518C7 /* LoginView.swift */; };
		DB0D5E502F4B8CF800C518C7 /* LegalWarningView.swift in Sources */ = {isa = PBXBuildFile; fileRef = DB0D5E4F2F4B8CF700C518C7 /* LegalWarningView.swift */; };
		DB0D5E522F4B9BB700C518C7 /* SettingsView.swift in Sources */ = {isa = PBXBuildFile; fileRef = DB0D5E512F4B9BB500C518C7 /* SettingsView.swift */; };
		DB105A2A2F65ECC50080B241 /* PaywallView.swift in Sources */ = {isa = PBXBuildFile; fileRef = DB105A292F65ECB50080B241 /* PaywallView.swift */; };
		DB1BC6EF2F61E04900AF556C /* EditTransactionView.swift in Sources */ = {isa = PBXBuildFile; fileRef = DB1BC6EE2F61E04700AF556C /* EditTransactionView.swift */; };
		DB1BC6F12F61FBAB00AF556C /* MarketDataService.swift in Sources */ = {isa = PBXBuildFile; fileRef = DB1BC6F02F61FBA900AF556C /* MarketDataService.swift */; };
		DB1BC6F32F61FBC200AF556C /* SimulationSheetView.swift in Sources */ = {isa = PBXBuildFile; fileRef = DB1BC6F22F61FBC100AF556C /* SimulationSheetView.swift */; };
		DB1E61DA2F4E306700632250 /* ImportView.swift in Sources */ = {isa = PBXBuildFile; fileRef = DB1E61D92F4E306400632250 /* ImportView.swift */; };
		DB1E61DC2F4E308800632250 /* ProcessingView.swift in Sources */ = {isa = PBXBuildFile; fileRef = DB1E61DB2F4E308500632250 /* ProcessingView.swift */; };
		DB1E61DE2F4E32EE00632250 /* ReportsView.swift in Sources */ = {isa = PBXBuildFile; fileRef = DB1E61DD2F4E32EC00632250 /* ReportsView.swift */; };
		DB4743682F58B0E4003F17C6 /* YIUFEEngine.swift in Sources */ = {isa = PBXBuildFile; fileRef = DB4743672F58B0E3003F17C6 /* YIUFEEngine.swift */; };
		DB47436B2F58B4F3003F17C6 /* FirebaseFirestore in Frameworks */ = {isa = PBXBuildFile; productRef = DB47436A2F58B4F3003F17C6 /* FirebaseFirestore */; };
		DB47436D2F58BAAC003F17C6 /* FirebaseManager.swift in Sources */ = {isa = PBXBuildFile; fileRef = DB47436C2F58BAA9003F17C6 /* FirebaseManager.swift */; };
		DB50BAAF2F5753F600595AD3 /* AuthManager.swift in Sources */ = {isa = PBXBuildFile; fileRef = DB50BAAE2F5753F400595AD3 /* AuthManager.swift */; };
		DB50BAB22F5767B000595AD3 /* GoogleSignIn in Frameworks */ = {isa = PBXBuildFile; productRef = DB50BAB12F5767B000595AD3 /* GoogleSignIn */; };
		DB50BAB42F5767B000595AD3 /* GoogleSignInSwift in Frameworks */ = {isa = PBXBuildFile; productRef = DB50BAB32F5767B000595AD3 /* GoogleSignInSwift */; };
		DB50BAB62F57699100595AD3 /* GoogleService-Info.plist in Resources */ = {isa = PBXBuildFile; fileRef = DB50BAB52F57699100595AD3 /* GoogleService-Info.plist */; };
		DB6D8F422F52233A00E00FDE /* ProfileEditView.swift in Sources */ = {isa = PBXBuildFile; fileRef = DB6D8F412F52233800E00FDE /* ProfileEditView.swift */; };
		DB7E0E342F4639DB00CD75A8 /* Theme.swift in Sources */ = {isa = PBXBuildFile; fileRef = DB7E0E332F4639D900CD75A8 /* Theme.swift */; };
		DB8890572F7842EA00141245 /* Launch Screen.storyboard in Resources */ = {isa = PBXBuildFile; fileRef = DB8890562F7842EA00141245 /* Launch Screen.storyboard */; };
		DB8BFA402F673A2200BCC749 /* RevenueCat in Frameworks */ = {isa = PBXBuildFile; productRef = DB8BFA3F2F673A2200BCC749 /* RevenueCat */; };
		DB8BFA422F673AD300BCC749 /* StoreManager.swift in Sources */ = {isa = PBXBuildFile; fileRef = DB8BFA412F673AD100BCC749 /* StoreManager.swift */; };
		DB8D81132F543AFD00BFD78C /* TradeModels.swift in Sources */ = {isa = PBXBuildFile; fileRef = DB8D81122F543AFB00BFD78C /* TradeModels.swift */; };
		DB8D81152F543B1900BFD78C /* FIFOEngine.swift in Sources */ = {isa = PBXBuildFile; fileRef = DB8D81142F543B1800BFD78C /* FIFOEngine.swift */; };
		DB91A3922F6095760078C74C /* PortfolioCalculationService.swift in Sources */ = {isa = PBXBuildFile; fileRef = DB91A3912F6095740078C74C /* PortfolioCalculationService.swift */; };
		DB92DB6C2F50C876006FCA79 /* HistoryView.swift in Sources */ = {isa = PBXBuildFile; fileRef = DB92DB6B2F50C873006FCA79 /* HistoryView.swift */; };
		DB92DB6E2F50CC97006FCA79 /* ResultSummaryView.swift in Sources */ = {isa = PBXBuildFile; fileRef = DB92DB6D2F50CC96006FCA79 /* ResultSummaryView.swift */; };
		DB92DB702F50CE6A006FCA79 /* TCMBService.swift in Sources */ = {isa = PBXBuildFile; fileRef = DB92DB6F2F50CE65006FCA79 /* TCMBService.swift */; };
		DBA30AF82F44EC4500D8034B /* ContentView.swift in Sources */ = {isa = PBXBuildFile; fileRef = DBA30AF72F44EC4500D8034B /* ContentView.swift */; };
		DBA30B322F44F27000D8034B /* DashboardView.swift in Sources */ = {isa = PBXBuildFile; fileRef = DBA30B2C2F44EE6900D8034B /* DashboardView.swift */; };
		DBA30B362F44F69700D8034B /* AddTransactionView.swift in Sources */ = {isa = PBXBuildFile; fileRef = DBA30B352F44F69600D8034B /* AddTransactionView.swift */; };
		DBA30B382F44F7F400D8034B /* AnalysisView.swift in Sources */ = {isa = PBXBuildFile; fileRef = DBA30B372F44F7F300D8034B /* AnalysisView.swift */; };
		DBB880502F649BCF00BE6A3E /* PDFReportGenerator.swift in Sources */ = {isa = PBXBuildFile; fileRef = DBB8804F2F649BCA00BE6A3E /* PDFReportGenerator.swift */; };
		DBBE3ED72F6C7C3D00241CA0 /* SessionManager.swift in Sources */ = {isa = PBXBuildFile; fileRef = DBBE3ED62F6C7C3A00241CA0 /* SessionManager.swift */; };
		DBCE9D622F6BEEA100ADFEB1 /* TaxComputationService.swift in Sources */ = {isa = PBXBuildFile; fileRef = DBCE9D612F6BEE9F00ADFEB1 /* TaxComputationService.swift */; };
		DBF3C6CC2F5624E200895D8A /* FirebaseAuth in Frameworks */ = {isa = PBXBuildFile; productRef = DBF3C6CB2F5624E200895D8A /* FirebaseAuth */; };
		DBF3C6CE2F5624E200895D8A /* FirebaseCore in Frameworks */ = {isa = PBXBuildFile; productRef = DBF3C6CD2F5624E200895D8A /* FirebaseCore */; };
/* End PBXBuildFile section */

/* Begin PBXContainerItemProxy section */
		DBA30B022F44EC4600D8034B /* PBXContainerItemProxy */ = {
			isa = PBXContainerItemProxy;
			containerPortal = DBA30AEA2F44EC4500D8034B /* Project object */;
			proxyType = 1;
			remoteGlobalIDString = DBA30AF12F44EC4500D8034B;
			remoteInfo = "Vergi Pusulası";
		};
		DBA30B0C2F44EC4700D8034B /* PBXContainerItemProxy */ = {
			isa = PBXContainerItemProxy;
			containerPortal = DBA30AEA2F44EC4500D8034B /* Project object */;
			proxyType = 1;
			remoteGlobalIDString = DBA30AF12F44EC4500D8034B;
			remoteInfo = "Vergi Pusulası";
		};
/* End PBXContainerItemProxy section */

/* Begin PBXFileReference section */
		DB0D5E4D2F4B897200C518C7 /* LoginView.swift */ = {isa = PBXFileReference; lastKnownFileType = sourcecode.swift; path = LoginView.swift; sourceTree = "<group>"; };
		DB0D5E4F2F4B8CF700C518C7 /* LegalWarningView.swift */ = {isa = PBXFileReference; lastKnownFileType = sourcecode.swift; path = LegalWarningView.swift; sourceTree = "<group>"; };
		DB0D5E512F4B9BB500C518C7 /* SettingsView.swift */ = {isa = PBXFileReference; lastKnownFileType = sourcecode.swift; path = SettingsView.swift; sourceTree = "<group>"; };
		DB105A292F65ECB50080B241 /* PaywallView.swift */ = {isa = PBXFileReference; lastKnownFileType = sourcecode.swift; path = PaywallView.swift; sourceTree = "<group>"; };
		DB1BC6EE2F61E04700AF556C /* EditTransactionView.swift */ = {isa = PBXFileReference; lastKnownFileType = sourcecode.swift; path = EditTransactionView.swift; sourceTree = "<group>"; };
		DB1BC6F02F61FBA900AF556C /* MarketDataService.swift */ = {isa = PBXFileReference; lastKnownFileType = sourcecode.swift; path = MarketDataService.swift; sourceTree = "<group>"; };
		DB1BC6F22F61FBC100AF556C /* SimulationSheetView.swift */ = {isa = PBXFileReference; lastKnownFileType = sourcecode.swift; path = SimulationSheetView.swift; sourceTree = "<group>"; };
		DB1E61D92F4E306400632250 /* ImportView.swift */ = {isa = PBXFileReference; lastKnownFileType = sourcecode.swift; path = ImportView.swift; sourceTree = "<group>"; };
		DB1E61DB2F4E308500632250 /* ProcessingView.swift */ = {isa = PBXFileReference; lastKnownFileType = sourcecode.swift; path = ProcessingView.swift; sourceTree = "<group>"; };
		DB1E61DD2F4E32EC00632250 /* ReportsView.swift */ = {isa = PBXFileReference; lastKnownFileType = sourcecode.swift; path = ReportsView.swift; sourceTree = "<group>"; };
		DB4743672F58B0E3003F17C6 /* YIUFEEngine.swift */ = {isa = PBXFileReference; lastKnownFileType = sourcecode.swift; path = YIUFEEngine.swift; sourceTree = "<group>"; };
		DB47436C2F58BAA9003F17C6 /* FirebaseManager.swift */ = {isa = PBXFileReference; lastKnownFileType = sourcecode.swift; path = FirebaseManager.swift; sourceTree = "<group>"; };
		DB50BAAE2F5753F400595AD3 /* AuthManager.swift */ = {isa = PBXFileReference; lastKnownFileType = sourcecode.swift; path = AuthManager.swift; sourceTree = "<group>"; };
		DB50BAB52F57699100595AD3 /* GoogleService-Info.plist */ = {isa = PBXFileReference; lastKnownFileType = text.plist.xml; path = "GoogleService-Info.plist"; sourceTree = "<group>"; };
		DB6D8F412F52233800E00FDE /* ProfileEditView.swift */ = {isa = PBXFileReference; lastKnownFileType = sourcecode.swift; path = ProfileEditView.swift; sourceTree = "<group>"; };
		DB7E0E332F4639D900CD75A8 /* Theme.swift */ = {isa = PBXFileReference; lastKnownFileType = sourcecode.swift; path = Theme.swift; sourceTree = "<group>"; };
		DB8890562F7842EA00141245 /* Launch Screen.storyboard */ = {isa = PBXFileReference; lastKnownFileType = file.storyboard; path = "Launch Screen.storyboard"; sourceTree = "<group>"; };
		DB8BFA412F673AD100BCC749 /* StoreManager.swift */ = {isa = PBXFileReference; lastKnownFileType = sourcecode.swift; path = StoreManager.swift; sourceTree = "<group>"; };
		DB8D81122F543AFB00BFD78C /* TradeModels.swift */ = {isa = PBXFileReference; lastKnownFileType = sourcecode.swift; path = TradeModels.swift; sourceTree = "<group>"; };
		DB8D81142F543B1800BFD78C /* FIFOEngine.swift */ = {isa = PBXFileReference; lastKnownFileType = sourcecode.swift; path = FIFOEngine.swift; sourceTree = "<group>"; };
		DB91A3912F6095740078C74C /* PortfolioCalculationService.swift */ = {isa = PBXFileReference; lastKnownFileType = sourcecode.swift; path = PortfolioCalculationService.swift; sourceTree = "<group>"; };
		DB92DB6B2F50C873006FCA79 /* HistoryView.swift */ = {isa = PBXFileReference; lastKnownFileType = sourcecode.swift; path = HistoryView.swift; sourceTree = "<group>"; };
		DB92DB6D2F50CC96006FCA79 /* ResultSummaryView.swift */ = {isa = PBXFileReference; lastKnownFileType = sourcecode.swift; path = ResultSummaryView.swift; sourceTree = "<group>"; };
		DB92DB6F2F50CE65006FCA79 /* TCMBService.swift */ = {isa = PBXFileReference; lastKnownFileType = sourcecode.swift; path = TCMBService.swift; sourceTree = "<group>"; };
		DBA30AF22F44EC4500D8034B /* Vergi Pusulası.app */ = {isa = PBXFileReference; explicitFileType = wrapper.application; includeInIndex = 0; path = "Vergi Pusulası.app"; sourceTree = BUILT_PRODUCTS_DIR; };
		DBA30AF72F44EC4500D8034B /* ContentView.swift */ = {isa = PBXFileReference; lastKnownFileType = sourcecode.swift; path = ContentView.swift; sourceTree = "<group>"; };
		DBA30B012F44EC4600D8034B /* Vergi PusulasıTests.xctest */ = {isa = PBXFileReference; explicitFileType = wrapper.cfbundle; includeInIndex = 0; path = "Vergi PusulasıTests.xctest"; sourceTree = BUILT_PRODUCTS_DIR; };
		DBA30B0B2F44EC4700D8034B /* Vergi PusulasıUITests.xctest */ = {isa = PBXFileReference; explicitFileType = wrapper.cfbundle; includeInIndex = 0; path = "Vergi PusulasıUITests.xctest"; sourceTree = BUILT_PRODUCTS_DIR; };
		DBA30B2C2F44EE6900D8034B /* DashboardView.swift */ = {isa = PBXFileReference; lastKnownFileType = sourcecode.swift; path = DashboardView.swift; sourceTree = "<group>"; };
		DBA30B352F44F69600D8034B /* AddTransactionView.swift */ = {isa = PBXFileReference; lastKnownFileType = sourcecode.swift; path = AddTransactionView.swift; sourceTree = "<group>"; };
		DBA30B372F44F7F300D8034B /* AnalysisView.swift */ = {isa = PBXFileReference; lastKnownFileType = sourcecode.swift; path = AnalysisView.swift; sourceTree = "<group>"; };
		DBB8804F2F649BCA00BE6A3E /* PDFReportGenerator.swift */ = {isa = PBXFileReference; lastKnownFileType = sourcecode.swift; path = PDFReportGenerator.swift; sourceTree = "<group>"; };
		DBBE3ED62F6C7C3A00241CA0 /* SessionManager.swift */ = {isa = PBXFileReference; lastKnownFileType = sourcecode.swift; path = SessionManager.swift; sourceTree = "<group>"; };
		DBCE9D612F6BEE9F00ADFEB1 /* TaxComputationService.swift */ = {isa = PBXFileReference; lastKnownFileType = sourcecode.swift; path = TaxComputationService.swift; sourceTree = "<group>"; };
/* End PBXFileReference section */

/* Begin PBXFileSystemSynchronizedRootGroup section */
		DBA30AF42F44EC4500D8034B /* Vergi Pusulası */ = {
			isa = PBXFileSystemSynchronizedRootGroup;
			path = "Vergi Pusulası";
			sourceTree = "<group>";
		};
		DBA30B042F44EC4600D8034B /* Vergi PusulasıTests */ = {
			isa = PBXFileSystemSynchronizedRootGroup;
			path = "Vergi PusulasıTests";
			sourceTree = "<group>";
		};
		DBA30B0E2F44EC4700D8034B /* Vergi PusulasıUITests */ = {
			isa = PBXFileSystemSynchronizedRootGroup;
			path = "Vergi PusulasıUITests";
			sourceTree = "<group>";
		};
/* End PBXFileSystemSynchronizedRootGroup section */

/* Begin PBXFrameworksBuildPhase section */
		DBA30AEF2F44EC4500D8034B /* Frameworks */ = {
			isa = PBXFrameworksBuildPhase;
			buildActionMask = 2147483647;
			files = (
				DBF3C6CE2F5624E200895D8A /* FirebaseCore in Frameworks */,
				DBF3C6CC2F5624E200895D8A /* FirebaseAuth in Frameworks */,
				DB8BFA402F673A2200BCC749 /* RevenueCat in Frameworks */,
				DB50BAB22F5767B000595AD3 /* GoogleSignIn in Frameworks */,
				DB47436B2F58B4F3003F17C6 /* FirebaseFirestore in Frameworks */,
				DB50BAB42F5767B000595AD3 /* GoogleSignInSwift in Frameworks */,
			);
			runOnlyForDeploymentPostprocessing = 0;
		};
		DBA30AFE2F44EC4600D8034B /* Frameworks */ = {
			isa = PBXFrameworksBuildPhase;
			buildActionMask = 2147483647;
			files = (
			);
			runOnlyForDeploymentPostprocessing = 0;
		};
		DBA30B082F44EC4700D8034B /* Frameworks */ = {
			isa = PBXFrameworksBuildPhase;
			buildActionMask = 2147483647;
			files = (
			);
			runOnlyForDeploymentPostprocessing = 0;
		};
/* End PBXFrameworksBuildPhase section */

/* Begin PBXGroup section */
		DB4743692F58B4F3003F17C6 /* Frameworks */ = {
			isa = PBXGroup;
			children = (
			);
			name = Frameworks;
			sourceTree = "<group>";
		};
		DBA30AE92F44EC4500D8034B = {
			isa = PBXGroup;
			children = (
				DB8890562F7842EA00141245 /* Launch Screen.storyboard */,
				DBF3C6CF2F56250B00895D8A /* Firebase */,
				DBA30B2A2F44EE4B00D8034B /* ViewModels */,
				DBA30B1E2F44ED2400D8034B /* Models */,
				DBA30B272F44EDB900D8034B /* Views */,
				DBA30B212F44ED4400D8034B /* Services */,
				DBA30AF42F44EC4500D8034B /* Vergi Pusulası */,
				DBA30B042F44EC4600D8034B /* Vergi PusulasıTests */,
				DBA30B0E2F44EC4700D8034B /* Vergi PusulasıUITests */,
				DB4743692F58B4F3003F17C6 /* Frameworks */,
				DBA30AF32F44EC4500D8034B /* Products */,
			);
			sourceTree = "<group>";
		};
		DBA30AF32F44EC4500D8034B /* Products */ = {
			isa = PBXGroup;
			children = (
				DBA30AF22F44EC4500D8034B /* Vergi Pusulası.app */,
				DBA30B012F44EC4600D8034B /* Vergi PusulasıTests.xctest */,
				DBA30B0B2F44EC4700D8034B /* Vergi PusulasıUITests.xctest */,
			);
			name = Products;
			sourceTree = "<group>";
		};
		DBA30B1E2F44ED2400D8034B /* Models */ = {
			isa = PBXGroup;
			children = (
				DB8D81122F543AFB00BFD78C /* TradeModels.swift */,
			);
			path = Models;
			sourceTree = "<group>";
		};
		DBA30B212F44ED4400D8034B /* Services */ = {
			isa = PBXGroup;
			children = (
				DBBE3ED62F6C7C3A00241CA0 /* SessionManager.swift */,
				DB8BFA412F673AD100BCC749 /* StoreManager.swift */,
				DB1BC6F02F61FBA900AF556C /* MarketDataService.swift */,
				DB8D81142F543B1800BFD78C /* FIFOEngine.swift */,
				DB91A3912F6095740078C74C /* PortfolioCalculationService.swift */,
				DB4743672F58B0E3003F17C6 /* YIUFEEngine.swift */,
				DB92DB6F2F50CE65006FCA79 /* TCMBService.swift */,
				DB50BAAE2F5753F400595AD3 /* AuthManager.swift */,
			);
			path = Services;
			sourceTree = "<group>";
		};
		DBA30B272F44EDB900D8034B /* Views */ = {
			isa = PBXGroup;
			children = (
				DB105A292F65ECB50080B241 /* PaywallView.swift */,
				DBB8804F2F649BCA00BE6A3E /* PDFReportGenerator.swift */,
				DB1BC6F22F61FBC100AF556C /* SimulationSheetView.swift */,
				DB1BC6EE2F61E04700AF556C /* EditTransactionView.swift */,
				DB6D8F412F52233800E00FDE /* ProfileEditView.swift */,
				DB92DB6D2F50CC96006FCA79 /* ResultSummaryView.swift */,
				DB92DB6B2F50C873006FCA79 /* HistoryView.swift */,
				DB1E61DD2F4E32EC00632250 /* ReportsView.swift */,
				DB1E61DB2F4E308500632250 /* ProcessingView.swift */,
				DB1E61D92F4E306400632250 /* ImportView.swift */,
				DB0D5E512F4B9BB500C518C7 /* SettingsView.swift */,
				DB0D5E4F2F4B8CF700C518C7 /* LegalWarningView.swift */,
				DB0D5E4D2F4B897200C518C7 /* LoginView.swift */,
				DB7E0E332F4639D900CD75A8 /* Theme.swift */,
				DBA30B372F44F7F300D8034B /* AnalysisView.swift */,
				DBA30B352F44F69600D8034B /* AddTransactionView.swift */,
				DBA30B2C2F44EE6900D8034B /* DashboardView.swift */,
				DBA30AF72F44EC4500D8034B /* ContentView.swift */,
			);
			path = Views;
			sourceTree = "<group>";
		};
		DBA30B2A2F44EE4B00D8034B /* ViewModels */ = {
			isa = PBXGroup;
			children = (
				DBCE9D612F6BEE9F00ADFEB1 /* TaxComputationService.swift */,
			);
			path = ViewModels;
			sourceTree = "<group>";
		};
		DBF3C6CF2F56250B00895D8A /* Firebase */ = {
			isa = PBXGroup;
			children = (
				DB47436C2F58BAA9003F17C6 /* FirebaseManager.swift */,
				DB50BAB52F57699100595AD3 /* GoogleService-Info.plist */,
			);
			path = Firebase;
			sourceTree = "<group>";
		};
/* End PBXGroup section */

/* Begin PBXNativeTarget section */
		DBA30AF12F44EC4500D8034B /* Vergi Pusulası */ = {
			isa = PBXNativeTarget;
			buildConfigurationList = DBA30B152F44EC4700D8034B /* Build configuration list for PBXNativeTarget "Vergi Pusulası" */;
			buildPhases = (
				DBA30AEE2F44EC4500D8034B /* Sources */,
				DBA30AEF2F44EC4500D8034B /* Frameworks */,
				DBA30AF02F44EC4500D8034B /* Resources */,
			);
			buildRules = (
			);
			dependencies = (
			);
			fileSystemSynchronizedGroups = (
				DBA30AF42F44EC4500D8034B /* Vergi Pusulası */,
			);
			name = "Vergi Pusulası";
			packageProductDependencies = (
				DBF3C6CB2F5624E200895D8A /* FirebaseAuth */,
				DBF3C6CD2F5624E200895D8A /* FirebaseCore */,
				DB50BAB12F5767B000595AD3 /* GoogleSignIn */,
				DB50BAB32F5767B000595AD3 /* GoogleSignInSwift */,
				DB47436A2F58B4F3003F17C6 /* FirebaseFirestore */,
				DB8BFA3F2F673A2200BCC749 /* RevenueCat */,
			);
			productName = "Vergi Pusulası";
			productReference = DBA30AF22F44EC4500D8034B /* Vergi Pusulası.app */;
			productType = "com.apple.product-type.application";
		};
		DBA30B002F44EC4600D8034B /* Vergi PusulasıTests */ = {
			isa = PBXNativeTarget;
			buildConfigurationList = DBA30B182F44EC4700D8034B /* Build configuration list for PBXNativeTarget "Vergi PusulasıTests" */;
			buildPhases = (
				DBA30AFD2F44EC4600D8034B /* Sources */,
				DBA30AFE2F44EC4600D8034B /* Frameworks */,
				DBA30AFF2F44EC4600D8034B /* Resources */,
			);
			buildRules = (
			);
			dependencies = (
				DBA30B032F44EC4600D8034B /* PBXTargetDependency */,
			);
			fileSystemSynchronizedGroups = (
				DBA30B042F44EC4600D8034B /* Vergi PusulasıTests */,
			);
			name = "Vergi PusulasıTests";
			packageProductDependencies = (
			);
			productName = "Vergi PusulasıTests";
			productReference = DBA30B012F44EC4600D8034B /* Vergi PusulasıTests.xctest */;
			productType = "com.apple.product-type.bundle.unit-test";
		};
		DBA30B0A2F44EC4700D8034B /* Vergi PusulasıUITests */ = {
			isa = PBXNativeTarget;
			buildConfigurationList = DBA30B1B2F44EC4700D8034B /* Build configuration list for PBXNativeTarget "Vergi PusulasıUITests" */;
			buildPhases = (
				DBA30B072F44EC4700D8034B /* Sources */,
				DBA30B082F44EC4700D8034B /* Frameworks */,
				DBA30B092F44EC4700D8034B /* Resources */,
			);
			buildRules = (
			);
			dependencies = (
				DBA30B0D2F44EC4700D8034B /* PBXTargetDependency */,
			);
			fileSystemSynchronizedGroups = (
				DBA30B0E2F44EC4700D8034B /* Vergi PusulasıUITests */,
			);
			name = "Vergi PusulasıUITests";
			packageProductDependencies = (
			);
			productName = "Vergi PusulasıUITests";
			productReference = DBA30B0B2F44EC4700D8034B /* Vergi PusulasıUITests.xctest */;
			productType = "com.apple.product-type.bundle.ui-testing";
		};
/* End PBXNativeTarget section */

/* Begin PBXProject section */
		DBA30AEA2F44EC4500D8034B /* Project object */ = {
			isa = PBXProject;
			attributes = {
				BuildIndependentTargetsInParallel = 1;
				LastSwiftUpdateCheck = 2610;
				LastUpgradeCheck = 2610;
				TargetAttributes = {
					DBA30AF12F44EC4500D8034B = {
						CreatedOnToolsVersion = 26.1.1;
					};
					DBA30B002F44EC4600D8034B = {
						CreatedOnToolsVersion = 26.1.1;
						TestTargetID = DBA30AF12F44EC4500D8034B;
					};
					DBA30B0A2F44EC4700D8034B = {
						CreatedOnToolsVersion = 26.1.1;
						TestTargetID = DBA30AF12F44EC4500D8034B;
					};
				};
			};
			buildConfigurationList = DBA30AED2F44EC4500D8034B /* Build configuration list for PBXProject "Vergi Pusulası" */;
			developmentRegion = en;
			hasScannedForEncodings = 0;
			knownRegions = (
				en,
				Base,
			);
			mainGroup = DBA30AE92F44EC4500D8034B;
			minimizedProjectReferenceProxies = 1;
			packageReferences = (
				DBF3C6CA2F5624E200895D8A /* XCRemoteSwiftPackageReference "firebase-ios-sdk" */,
				DB50BAB02F5767B000595AD3 /* XCRemoteSwiftPackageReference "GoogleSignIn-iOS" */,
				DB8BFA3E2F673A2200BCC749 /* XCRemoteSwiftPackageReference "purchases-ios" */,
			);
			preferredProjectObjectVersion = 77;
			productRefGroup = DBA30AF32F44EC4500D8034B /* Products */;
			projectDirPath = "";
			projectRoot = "";
			targets = (
				DBA30AF12F44EC4500D8034B /* Vergi Pusulası */,
				DBA30B002F44EC4600D8034B /* Vergi PusulasıTests */,
				DBA30B0A2F44EC4700D8034B /* Vergi PusulasıUITests */,
			);
		};
/* End PBXProject section */

/* Begin PBXResourcesBuildPhase section */
		DBA30AF02F44EC4500D8034B /* Resources */ = {
			isa = PBXResourcesBuildPhase;
			buildActionMask = 2147483647;
			files = (
				DB8890572F7842EA00141245 /* Launch Screen.storyboard in Resources */,
				DB50BAB62F57699100595AD3 /* GoogleService-Info.plist in Resources */,
			);
			runOnlyForDeploymentPostprocessing = 0;
		};
		DBA30AFF2F44EC4600D8034B /* Resources */ = {
			isa = PBXResourcesBuildPhase;
			buildActionMask = 2147483647;
			files = (
			);
			runOnlyForDeploymentPostprocessing = 0;
		};
		DBA30B092F44EC4700D8034B /* Resources */ = {
			isa = PBXResourcesBuildPhase;
			buildActionMask = 2147483647;
			files = (
			);
			runOnlyForDeploymentPostprocessing = 0;
		};
/* End PBXResourcesBuildPhase section */

/* Begin PBXSourcesBuildPhase section */
		DBA30AEE2F44EC4500D8034B /* Sources */ = {
			isa = PBXSourcesBuildPhase;
			buildActionMask = 2147483647;
			files = (
				DB50BAAF2F5753F600595AD3 /* AuthManager.swift in Sources */,
				DB4743682F58B0E4003F17C6 /* YIUFEEngine.swift in Sources */,
				DBA30B362F44F69700D8034B /* AddTransactionView.swift in Sources */,
				DB8BFA422F673AD300BCC749 /* StoreManager.swift in Sources */,
				DB47436D2F58BAAC003F17C6 /* FirebaseManager.swift in Sources */,
				DB1E61DC2F4E308800632250 /* ProcessingView.swift in Sources */,
				DB1BC6F12F61FBAB00AF556C /* MarketDataService.swift in Sources */,
				DBA30AF82F44EC4500D8034B /* ContentView.swift in Sources */,
				DBBE3ED72F6C7C3D00241CA0 /* SessionManager.swift in Sources */,
				DBA30B382F44F7F400D8034B /* AnalysisView.swift in Sources */,
				DB0D5E502F4B8CF800C518C7 /* LegalWarningView.swift in Sources */,
				DB1BC6F32F61FBC200AF556C /* SimulationSheetView.swift in Sources */,
				DB1E61DE2F4E32EE00632250 /* ReportsView.swift in Sources */,
				DB92DB702F50CE6A006FCA79 /* TCMBService.swift in Sources */,
				DB91A3922F6095760078C74C /* PortfolioCalculationService.swift in Sources */,
				DB1BC6EF2F61E04900AF556C /* EditTransactionView.swift in Sources */,
				DBA30B322F44F27000D8034B /* DashboardView.swift in Sources */,
				DB6D8F422F52233A00E00FDE /* ProfileEditView.swift in Sources */,
				DBCE9D622F6BEEA100ADFEB1 /* TaxComputationService.swift in Sources */,
				DB92DB6C2F50C876006FCA79 /* HistoryView.swift in Sources */,
				DB92DB6E2F50CC97006FCA79 /* ResultSummaryView.swift in Sources */,
				DB7E0E342F4639DB00CD75A8 /* Theme.swift in Sources */,
				DB1E61DA2F4E306700632250 /* ImportView.swift in Sources */,
				DBB880502F649BCF00BE6A3E /* PDFReportGenerator.swift in Sources */,
				DB105A2A2F65ECC50080B241 /* PaywallView.swift in Sources */,
				DB0D5E4E2F4B897400C518C7 /* LoginView.swift in Sources */,
				DB8D81152F543B1900BFD78C /* FIFOEngine.swift in Sources */,
				DB8D81132F543AFD00BFD78C /* TradeModels.swift in Sources */,
				DB0D5E522F4B9BB700C518C7 /* SettingsView.swift in Sources */,
			);
			runOnlyForDeploymentPostprocessing = 0;
		};
		DBA30AFD2F44EC4600D8034B /* Sources */ = {
			isa = PBXSourcesBuildPhase;
			buildActionMask = 2147483647;
			files = (
			);
			runOnlyForDeploymentPostprocessing = 0;
		};
		DBA30B072F44EC4700D8034B /* Sources */ = {
			isa = PBXSourcesBuildPhase;
			buildActionMask = 2147483647;
			files = (
			);
			runOnlyForDeploymentPostprocessing = 0;
		};
/* End PBXSourcesBuildPhase section */

/* Begin PBXTargetDependency section */
		DBA30B032F44EC4600D8034B /* PBXTargetDependency */ = {
			isa = PBXTargetDependency;
			target = DBA30AF12F44EC4500D8034B /* Vergi Pusulası */;
			targetProxy = DBA30B022F44EC4600D8034B /* PBXContainerItemProxy */;
		};
		DBA30B0D2F44EC4700D8034B /* PBXTargetDependency */ = {
			isa = PBXTargetDependency;
			target = DBA30AF12F44EC4500D8034B /* Vergi Pusulası */;
			targetProxy = DBA30B0C2F44EC4700D8034B /* PBXContainerItemProxy */;
		};
/* End PBXTargetDependency section */

/* Begin XCBuildConfiguration section */
		DBA30B132F44EC4700D8034B /* Debug */ = {
			isa = XCBuildConfiguration;
			buildSettings = {
				ALWAYS_SEARCH_USER_PATHS = NO;
				ASSETCATALOG_COMPILER_GENERATE_SWIFT_ASSET_SYMBOL_EXTENSIONS = YES;
				CLANG_ANALYZER_NONNULL = YES;
				CLANG_ANALYZER_NUMBER_OBJECT_CONVERSION = YES_AGGRESSIVE;
				CLANG_CXX_LANGUAGE_STANDARD = "gnu++20";
				CLANG_ENABLE_MODULES = YES;
				CLANG_ENABLE_OBJC_ARC = YES;
				CLANG_ENABLE_OBJC_WEAK = YES;
				CLANG_WARN_BLOCK_CAPTURE_AUTORELEASING = YES;
				CLANG_WARN_BOOL_CONVERSION = YES;
				CLANG_WARN_COMMA = YES;
				CLANG_WARN_CONSTANT_CONVERSION = YES;
				CLANG_WARN_DEPRECATED_OBJC_IMPLEMENTATIONS = YES;
				CLANG_WARN_DIRECT_OBJC_ISA_USAGE = YES_ERROR;
				CLANG_WARN_DOCUMENTATION_COMMENTS = YES;
				CLANG_WARN_EMPTY_BODY = YES;
				CLANG_WARN_ENUM_CONVERSION = YES;
				CLANG_WARN_INFINITE_RECURSION = YES;
				CLANG_WARN_INT_CONVERSION = YES;
				CLANG_WARN_NON_LITERAL_NULL_CONVERSION = YES;
				CLANG_WARN_OBJC_IMPLICIT_RETAIN_SELF = YES;
				CLANG_WARN_OBJC_LITERAL_CONVERSION = YES;
				CLANG_WARN_OBJC_ROOT_CLASS = YES_ERROR;
				CLANG_WARN_QUOTED_INCLUDE_IN_FRAMEWORK_HEADER = YES;
				CLANG_WARN_RANGE_LOOP_ANALYSIS = YES;
				CLANG_WARN_STRICT_PROTOTYPES = YES;
				CLANG_WARN_SUSPICIOUS_MOVE = YES;
				CLANG_WARN_UNGUARDED_AVAILABILITY = YES_AGGRESSIVE;
				CLANG_WARN_UNREACHABLE_CODE = YES;
				CLANG_WARN__DUPLICATE_METHOD_MATCH = YES;
				COPY_PHASE_STRIP = NO;
				DEBUG_INFORMATION_FORMAT = dwarf;
				DEVELOPMENT_TEAM = AC46UD3L3X;
				ENABLE_STRICT_OBJC_MSGSEND = YES;
				ENABLE_TESTABILITY = YES;
				ENABLE_USER_SCRIPT_SANDBOXING = YES;
				GCC_C_LANGUAGE_STANDARD = gnu17;
				GCC_DYNAMIC_NO_PIC = NO;
				GCC_NO_COMMON_BLOCKS = YES;
				GCC_OPTIMIZATION_LEVEL = 0;
				GCC_PREPROCESSOR_DEFINITIONS = (
					"DEBUG=1",
					"$(inherited)",
				);
				GCC_WARN_64_TO_32_BIT_CONVERSION = YES;
				GCC_WARN_ABOUT_RETURN_TYPE = YES_ERROR;
				GCC_WARN_UNDECLARED_SELECTOR = YES;
				GCC_WARN_UNINITIALIZED_AUTOS = YES_AGGRESSIVE;
				GCC_WARN_UNUSED_FUNCTION = YES;
				GCC_WARN_UNUSED_VARIABLE = YES;
				IPHONEOS_DEPLOYMENT_TARGET = 26.1;
				LOCALIZATION_PREFERS_STRING_CATALOGS = YES;
				MTL_ENABLE_DEBUG_INFO = INCLUDE_SOURCE;
				MTL_FAST_MATH = YES;
				ONLY_ACTIVE_ARCH = YES;
				SDKROOT = iphoneos;
				SWIFT_ACTIVE_COMPILATION_CONDITIONS = "DEBUG $(inherited)";
				SWIFT_OPTIMIZATION_LEVEL = "-Onone";
			};
			name = Debug;
		};
		DBA30B142F44EC4700D8034B /* Release */ = {
			isa = XCBuildConfiguration;
			buildSettings = {
				ALWAYS_SEARCH_USER_PATHS = NO;
				ASSETCATALOG_COMPILER_GENERATE_SWIFT_ASSET_SYMBOL_EXTENSIONS = YES;
				CLANG_ANALYZER_NONNULL = YES;
				CLANG_ANALYZER_NUMBER_OBJECT_CONVERSION = YES_AGGRESSIVE;
				CLANG_CXX_LANGUAGE_STANDARD = "gnu++20";
				CLANG_ENABLE_MODULES = YES;
				CLANG_ENABLE_OBJC_ARC = YES;
				CLANG_ENABLE_OBJC_WEAK = YES;
				CLANG_WARN_BLOCK_CAPTURE_AUTORELEASING = YES;
				CLANG_WARN_BOOL_CONVERSION = YES;
				CLANG_WARN_COMMA = YES;
				CLANG_WARN_CONSTANT_CONVERSION = YES;
				CLANG_WARN_DEPRECATED_OBJC_IMPLEMENTATIONS = YES;
				CLANG_WARN_DIRECT_OBJC_ISA_USAGE = YES_ERROR;
				CLANG_WARN_DOCUMENTATION_COMMENTS = YES;
				CLANG_WARN_EMPTY_BODY = YES;
				CLANG_WARN_ENUM_CONVERSION = YES;
				CLANG_WARN_INFINITE_RECURSION = YES;
				CLANG_WARN_INT_CONVERSION = YES;
				CLANG_WARN_NON_LITERAL_NULL_CONVERSION = YES;
				CLANG_WARN_OBJC_IMPLICIT_RETAIN_SELF = YES;
				CLANG_WARN_OBJC_LITERAL_CONVERSION = YES;
				CLANG_WARN_OBJC_ROOT_CLASS = YES_ERROR;
				CLANG_WARN_QUOTED_INCLUDE_IN_FRAMEWORK_HEADER = YES;
				CLANG_WARN_RANGE_LOOP_ANALYSIS = YES;
				CLANG_WARN_STRICT_PROTOTYPES = YES;
				CLANG_WARN_SUSPICIOUS_MOVE = YES;
				CLANG_WARN_UNGUARDED_AVAILABILITY = YES_AGGRESSIVE;
				CLANG_WARN_UNREACHABLE_CODE = YES;
				CLANG_WARN__DUPLICATE_METHOD_MATCH = YES;
				COPY_PHASE_STRIP = NO;
				DEBUG_INFORMATION_FORMAT = "dwarf-with-dsym";
				DEVELOPMENT_TEAM = AC46UD3L3X;
				ENABLE_NS_ASSERTIONS = NO;
				ENABLE_STRICT_OBJC_MSGSEND = YES;
				ENABLE_USER_SCRIPT_SANDBOXING = YES;
				GCC_C_LANGUAGE_STANDARD = gnu17;
				GCC_NO_COMMON_BLOCKS = YES;
				GCC_WARN_64_TO_32_BIT_CONVERSION = YES;
				GCC_WARN_ABOUT_RETURN_TYPE = YES_ERROR;
				GCC_WARN_UNDECLARED_SELECTOR = YES;
				GCC_WARN_UNINITIALIZED_AUTOS = YES_AGGRESSIVE;
				GCC_WARN_UNUSED_FUNCTION = YES;
				GCC_WARN_UNUSED_VARIABLE = YES;
				IPHONEOS_DEPLOYMENT_TARGET = 26.1;
				LOCALIZATION_PREFERS_STRING_CATALOGS = YES;
				MTL_ENABLE_DEBUG_INFO = NO;
				MTL_FAST_MATH = YES;
				SDKROOT = iphoneos;
				SWIFT_COMPILATION_MODE = wholemodule;
				VALIDATE_PRODUCT = YES;
			};
			name = Release;
		};
		DBA30B162F44EC4700D8034B /* Debug */ = {
			isa = XCBuildConfiguration;
			buildSettings = {
				ASSETCATALOG_COMPILER_APPICON_NAME = AppIcon;
				ASSETCATALOG_COMPILER_GLOBAL_ACCENT_COLOR_NAME = AccentColor;
				CODE_SIGN_IDENTITY = "Apple Development";
				CODE_SIGN_STYLE = Automatic;
				CURRENT_PROJECT_VERSION = 1;
				DEVELOPMENT_TEAM = AC46UD3L3X;
				ENABLE_PREVIEWS = YES;
				GENERATE_INFOPLIST_FILE = YES;
				INFOPLIST_FILE = "Vergi-Pusulas--Info.plist";
				INFOPLIST_KEY_NSCameraUsageDescription = "Profil fotoğrafınızı güncellemek için kameraya erişim izni gereklidir.";
				INFOPLIST_KEY_NSFaceIDUsageDescription = "Vergi Pusulası, finansal verilerinizin güvenliği için Face ID kullanır.";
				INFOPLIST_KEY_UIApplicationSceneManifest_Generation = YES;
				INFOPLIST_KEY_UIApplicationSupportsIndirectInputEvents = YES;
				INFOPLIST_KEY_UILaunchScreen_Generation = YES;
				INFOPLIST_KEY_UISupportedInterfaceOrientations_iPad = "UIInterfaceOrientationPortrait UIInterfaceOrientationPortraitUpsideDown UIInterfaceOrientationLandscapeLeft UIInterfaceOrientationLandscapeRight";
				INFOPLIST_KEY_UISupportedInterfaceOrientations_iPhone = "UIInterfaceOrientationPortrait UIInterfaceOrientationLandscapeLeft UIInterfaceOrientationLandscapeRight";
				LD_RUNPATH_SEARCH_PATHS = (
					"$(inherited)",
					"@executable_path/Frameworks",
				);
				MARKETING_VERSION = 1.0;
				PRODUCT_BUNDLE_IDENTIFIER = com.batuhan.VergiPusulasi;
				PRODUCT_NAME = "$(TARGET_NAME)";
				PROVISIONING_PROFILE_SPECIFIER = "";
				STRING_CATALOG_GENERATE_SYMBOLS = YES;
				SWIFT_APPROACHABLE_CONCURRENCY = YES;
				SWIFT_DEFAULT_ACTOR_ISOLATION = MainActor;
				SWIFT_EMIT_LOC_STRINGS = YES;
				SWIFT_UPCOMING_FEATURE_MEMBER_IMPORT_VISIBILITY = YES;
				SWIFT_VERSION = 5.0;
				TARGETED_DEVICE_FAMILY = "1,2";
			};
			name = Debug;
		};
		DBA30B172F44EC4700D8034B /* Release */ = {
			isa = XCBuildConfiguration;
			buildSettings = {
				ASSETCATALOG_COMPILER_APPICON_NAME = AppIcon;
				ASSETCATALOG_COMPILER_GLOBAL_ACCENT_COLOR_NAME = AccentColor;
				CODE_SIGN_IDENTITY = "Apple Development";
				CODE_SIGN_STYLE = Automatic;
				CURRENT_PROJECT_VERSION = 1;
				DEVELOPMENT_TEAM = AC46UD3L3X;
				ENABLE_PREVIEWS = YES;
				GENERATE_INFOPLIST_FILE = YES;
				INFOPLIST_FILE = "Vergi-Pusulas--Info.plist";
				INFOPLIST_KEY_NSCameraUsageDescription = "Profil fotoğrafınızı güncellemek için kameraya erişim izni gereklidir.";
				INFOPLIST_KEY_NSFaceIDUsageDescription = "Vergi Pusulası, finansal verilerinizin güvenliği için Face ID kullanır.";
				INFOPLIST_KEY_UIApplicationSceneManifest_Generation = YES;
				INFOPLIST_KEY_UIApplicationSupportsIndirectInputEvents = YES;
				INFOPLIST_KEY_UILaunchScreen_Generation = YES;
				INFOPLIST_KEY_UISupportedInterfaceOrientations_iPad = "UIInterfaceOrientationPortrait UIInterfaceOrientationPortraitUpsideDown UIInterfaceOrientationLandscapeLeft UIInterfaceOrientationLandscapeRight";
				INFOPLIST_KEY_UISupportedInterfaceOrientations_iPhone = "UIInterfaceOrientationPortrait UIInterfaceOrientationLandscapeLeft UIInterfaceOrientationLandscapeRight";
				LD_RUNPATH_SEARCH_PATHS = (
					"$(inherited)",
					"@executable_path/Frameworks",
				);
				MARKETING_VERSION = 1.0;
				PRODUCT_BUNDLE_IDENTIFIER = com.batuhan.VergiPusulasi;
				PRODUCT_NAME = "$(TARGET_NAME)";
				PROVISIONING_PROFILE_SPECIFIER = "";
				STRING_CATALOG_GENERATE_SYMBOLS = YES;
				SWIFT_APPROACHABLE_CONCURRENCY = YES;
				SWIFT_DEFAULT_ACTOR_ISOLATION = MainActor;
				SWIFT_EMIT_LOC_STRINGS = YES;
				SWIFT_UPCOMING_FEATURE_MEMBER_IMPORT_VISIBILITY = YES;
				SWIFT_VERSION = 5.0;
				TARGETED_DEVICE_FAMILY = "1,2";
			};
			name = Release;
		};
		DBA30B192F44EC4700D8034B /* Debug */ = {
			isa = XCBuildConfiguration;
			buildSettings = {
				BUNDLE_LOADER = "$(TEST_HOST)";
				CODE_SIGN_STYLE = Automatic;
				CURRENT_PROJECT_VERSION = 1;
				DEVELOPMENT_TEAM = AC46UD3L3X;
				GENERATE_INFOPLIST_FILE = YES;
				IPHONEOS_DEPLOYMENT_TARGET = 26.1;
				MARKETING_VERSION = 1.0;
				PRODUCT_BUNDLE_IDENTIFIER = "com.batuhan.Vergi-Pusulas-Tests";
				PRODUCT_NAME = "$(TARGET_NAME)";
				STRING_CATALOG_GENERATE_SYMBOLS = NO;
				SWIFT_APPROACHABLE_CONCURRENCY = YES;
				SWIFT_EMIT_LOC_STRINGS = NO;
				SWIFT_UPCOMING_FEATURE_MEMBER_IMPORT_VISIBILITY = YES;
				SWIFT_VERSION = 5.0;
				TARGETED_DEVICE_FAMILY = "1,2";
				TEST_HOST = "$(BUILT_PRODUCTS_DIR)/Vergi Pusulası.app/$(BUNDLE_EXECUTABLE_FOLDER_PATH)/Vergi Pusulası";
			};
			name = Debug;
		};
		DBA30B1A2F44EC4700D8034B /* Release */ = {
			isa = XCBuildConfiguration;
			buildSettings = {
				BUNDLE_LOADER = "$(TEST_HOST)";
				CODE_SIGN_STYLE = Automatic;
				CURRENT_PROJECT_VERSION = 1;
				DEVELOPMENT_TEAM = AC46UD3L3X;
				GENERATE_INFOPLIST_FILE = YES;
				IPHONEOS_DEPLOYMENT_TARGET = 26.1;
				MARKETING_VERSION = 1.0;
				PRODUCT_BUNDLE_IDENTIFIER = "com.batuhan.Vergi-Pusulas-Tests";
				PRODUCT_NAME = "$(TARGET_NAME)";
				STRING_CATALOG_GENERATE_SYMBOLS = NO;
				SWIFT_APPROACHABLE_CONCURRENCY = YES;
				SWIFT_EMIT_LOC_STRINGS = NO;
				SWIFT_UPCOMING_FEATURE_MEMBER_IMPORT_VISIBILITY = YES;
				SWIFT_VERSION = 5.0;
				TARGETED_DEVICE_FAMILY = "1,2";
				TEST_HOST = "$(BUILT_PRODUCTS_DIR)/Vergi Pusulası.app/$(BUNDLE_EXECUTABLE_FOLDER_PATH)/Vergi Pusulası";
			};
			name = Release;
		};
		DBA30B1C2F44EC4700D8034B /* Debug */ = {
			isa = XCBuildConfiguration;
			buildSettings = {
				CODE_SIGN_STYLE = Automatic;
				CURRENT_PROJECT_VERSION = 1;
				DEVELOPMENT_TEAM = AC46UD3L3X;
				GENERATE_INFOPLIST_FILE = YES;
				MARKETING_VERSION = 1.0;
				PRODUCT_BUNDLE_IDENTIFIER = "com.batuhan.Vergi-Pusulas-UITests";
				PRODUCT_NAME = "$(TARGET_NAME)";
				STRING_CATALOG_GENERATE_SYMBOLS = NO;
				SWIFT_APPROACHABLE_CONCURRENCY = YES;
				SWIFT_EMIT_LOC_STRINGS = NO;
				SWIFT_UPCOMING_FEATURE_MEMBER_IMPORT_VISIBILITY = YES;
				SWIFT_VERSION = 5.0;
				TARGETED_DEVICE_FAMILY = "1,2";
				TEST_TARGET_NAME = "Vergi Pusulası";
			};
			name = Debug;
		};
		DBA30B1D2F44EC4700D8034B /* Release */ = {
			isa = XCBuildConfiguration;
			buildSettings = {
				CODE_SIGN_STYLE = Automatic;
				CURRENT_PROJECT_VERSION = 1;
				DEVELOPMENT_TEAM = AC46UD3L3X;
				GENERATE_INFOPLIST_FILE = YES;
				MARKETING_VERSION = 1.0;
				PRODUCT_BUNDLE_IDENTIFIER = "com.batuhan.Vergi-Pusulas-UITests";
				PRODUCT_NAME = "$(TARGET_NAME)";
				STRING_CATALOG_GENERATE_SYMBOLS = NO;
				SWIFT_APPROACHABLE_CONCURRENCY = YES;
				SWIFT_EMIT_LOC_STRINGS = NO;
				SWIFT_UPCOMING_FEATURE_MEMBER_IMPORT_VISIBILITY = YES;
				SWIFT_VERSION = 5.0;
				TARGETED_DEVICE_FAMILY = "1,2";
				TEST_TARGET_NAME = "Vergi Pusulası";
			};
			name = Release;
		};
/* End XCBuildConfiguration section */

/* Begin XCConfigurationList section */
		DBA30AED2F44EC4500D8034B /* Build configuration list for PBXProject "Vergi Pusulası" */ = {
			isa = XCConfigurationList;
			buildConfigurations = (
				DBA30B132F44EC4700D8034B /* Debug */,
				DBA30B142F44EC4700D8034B /* Release */,
			);
			defaultConfigurationIsVisible = 0;
			defaultConfigurationName = Release;
		};
		DBA30B152F44EC4700D8034B /* Build configuration list for PBXNativeTarget "Vergi Pusulası" */ = {
			isa = XCConfigurationList;
			buildConfigurations = (
				DBA30B162F44EC4700D8034B /* Debug */,
				DBA30B172F44EC4700D8034B /* Release */,
			);
			defaultConfigurationIsVisible = 0;
			defaultConfigurationName = Release;
		};
		DBA30B182F44EC4700D8034B /* Build configuration list for PBXNativeTarget "Vergi PusulasıTests" */ = {
			isa = XCConfigurationList;
			buildConfigurations = (
				DBA30B192F44EC4700D8034B /* Debug */,
				DBA30B1A2F44EC4700D8034B /* Release */,
			);
			defaultConfigurationIsVisible = 0;
			defaultConfigurationName = Release;
		};
		DBA30B1B2F44EC4700D8034B /* Build configuration list for PBXNativeTarget "Vergi PusulasıUITests" */ = {
			isa = XCConfigurationList;
			buildConfigurations = (
				DBA30B1C2F44EC4700D8034B /* Debug */,
				DBA30B1D2F44EC4700D8034B /* Release */,
			);
			defaultConfigurationIsVisible = 0;
			defaultConfigurationName = Release;
		};
/* End XCConfigurationList section */

/* Begin XCRemoteSwiftPackageReference section */
		DB50BAB02F5767B000595AD3 /* XCRemoteSwiftPackageReference "GoogleSignIn-iOS" */ = {
			isa = XCRemoteSwiftPackageReference;
			repositoryURL = "https://github.com/google/GoogleSignIn-iOS";
			requirement = {
				kind = upToNextMajorVersion;
				minimumVersion = 9.1.0;
			};
		};
		DB8BFA3E2F673A2200BCC749 /* XCRemoteSwiftPackageReference "purchases-ios" */ = {
			isa = XCRemoteSwiftPackageReference;
			repositoryURL = "https://github.com/RevenueCat/purchases-ios.git";
			requirement = {
				kind = upToNextMajorVersion;
				minimumVersion = 5.64.0;
			};
		};
		DBF3C6CA2F5624E200895D8A /* XCRemoteSwiftPackageReference "firebase-ios-sdk" */ = {
			isa = XCRemoteSwiftPackageReference;
			repositoryURL = "https://github.com/firebase/firebase-ios-sdk";
			requirement = {
				kind = upToNextMajorVersion;
				minimumVersion = 12.10.0;
			};
		};
/* End XCRemoteSwiftPackageReference section */

/* Begin XCSwiftPackageProductDependency section */
		DB47436A2F58B4F3003F17C6 /* FirebaseFirestore */ = {
			isa = XCSwiftPackageProductDependency;
			package = DBF3C6CA2F5624E200895D8A /* XCRemoteSwiftPackageReference "firebase-ios-sdk" */;
			productName = FirebaseFirestore;
		};
		DB50BAB12F5767B000595AD3 /* GoogleSignIn */ = {
			isa = XCSwiftPackageProductDependency;
			package = DB50BAB02F5767B000595AD3 /* XCRemoteSwiftPackageReference "GoogleSignIn-iOS" */;
			productName = GoogleSignIn;
		};
		DB50BAB32F5767B000595AD3 /* GoogleSignInSwift */ = {
			isa = XCSwiftPackageProductDependency;
			package = DB50BAB02F5767B000595AD3 /* XCRemoteSwiftPackageReference "GoogleSignIn-iOS" */;
			productName = GoogleSignInSwift;
		};
		DB8BFA3F2F673A2200BCC749 /* RevenueCat */ = {
			isa = XCSwiftPackageProductDependency;
			package = DB8BFA3E2F673A2200BCC749 /* XCRemoteSwiftPackageReference "purchases-ios" */;
			productName = RevenueCat;
		};
		DBF3C6CB2F5624E200895D8A /* FirebaseAuth */ = {
			isa = XCSwiftPackageProductDependency;
			package = DBF3C6CA2F5624E200895D8A /* XCRemoteSwiftPackageReference "firebase-ios-sdk" */;
			productName = FirebaseAuth;
		};
		DBF3C6CD2F5624E200895D8A /* FirebaseCore */ = {
			isa = XCSwiftPackageProductDependency;
			package = DBF3C6CA2F5624E200895D8A /* XCRemoteSwiftPackageReference "firebase-ios-sdk" */;
			productName = FirebaseCore;
		};
/* End XCSwiftPackageProductDependency section */
	};
	rootObject = DBA30AEA2F44EC4500D8034B /* Project object */;
}
